// !$*UTF8*$!
{
	archiveVersion = 1;
	classes = {
	};
	objectVersion = 48;
	objects = {

/* Begin PBXBuildFile section */
		DE4BE7B81F7548F0008F691A /* AppDelegate.swift in Sources */ = {isa = PBXBuildFile; fileRef = DE4BE7B71F7548F0008F691A /* AppDelegate.swift */; };
		DE4BE7BA1F7548F0008F691A /* ViewController.swift in Sources */ = {isa = PBXBuildFile; fileRef = DE4BE7B91F7548F0008F691A /* ViewController.swift */; };
		DE4BE7BD1F7548F0008F691A /* Main.storyboard in Resources */ = {isa = PBXBuildFile; fileRef = DE4BE7BB1F7548F0008F691A /* Main.storyboard */; };
		DE4BE7BF1F7548F0008F691A /* Assets.xcassets in Resources */ = {isa = PBXBuildFile; fileRef = DE4BE7BE1F7548F0008F691A /* Assets.xcassets */; };
		DE4BE7C21F7548F0008F691A /* LaunchScreen.storyboard in Resources */ = {isa = PBXBuildFile; fileRef = DE4BE7C01F7548F0008F691A /* LaunchScreen.storyboard */; };
/* End PBXBuildFile section */

/* Begin PBXFileReference section */
		DE4BE7B41F7548F0008F691A /* FaceDetectingFromImage.app */ = {isa = PBXFileReference; explicitFileType = wrapper.application; includeInIndex = 0; path = FaceDetectingFromImage.app; sourceTree = BUILT_PRODUCTS_DIR; };
		DE4BE7B71F7548F0008F691A /* AppDelegate.swift */ = {isa = PBXFileReference; lastKnownFileType = sourcecode.swift; path = AppDelegate.swift; sourceTree = "<group>"; };
		DE4BE7B91F7548F0008F691A /* ViewController.swift */ = {isa = PBXFileReference; lastKnownFileType = sourcecode.swift; path = ViewController.swift; sourceTree = "<group>"; };
		DE4BE7BC1F7548F0008F691A /* Base */ = {isa = PBXFileReference; lastKnownFileType = file.storyboard; name = Base; path = Base.lproj/Main.storyboard; sourceTree = "<group>"; };
		DE4BE7BE1F7548F0008F691A /* Assets.xcassets */ = {isa = PBXFileReference; lastKnownFileType = folder.assetcatalog; path = Assets.xcassets; sourceTree = "<group>"; };
		DE4BE7C11F7548F0008F691A /* Base */ = {isa = PBXFileReference; lastKnownFileType = file.storyboard; name = Base; path = Base.lproj/LaunchScreen.storyboard; sourceTree = "<group>"; };
		DE4BE7C31F7548F0008F691A /* Info.plist */ = {isa = PBXFileReference; lastKnownFileType = text.plist.xml; path = Info.plist; sourceTree = "<group>"; };
/* End PBXFileReference section */

/* Begin PBXFrameworksBuildPhase section */
		DE4BE7B11F7548F0008F691A /* Frameworks */ = {
			isa = PBXFrameworksBuildPhase;
			buildActionMask = 2147483647;
			files = (
			);
			runOnlyForDeploymentPostprocessing = 0;
		};
/* End PBXFrameworksBuildPhase section */

/* Begin PBXGroup section */
		DE4BE7AB1F7548F0008F691A = {
			isa = PBXGroup;
			children = (
				DE4BE7B61F7548F0008F691A /* FaceDetectingFromImage */,
				DE4BE7B51F7548F0008F691A /* Products */,
			);
			sourceTree = "<group>";
		};
		DE4BE7B51F7548F0008F691A /* Products */ = {
			isa = PBXGroup;
			children = (
				DE4BE7B41F7548F0008F691A /* FaceDetectingFromImage.app */,
			);
			name = Products;
			sourceTree = "<group>";
		};
		DE4BE7B61F7548F0008F691A /* FaceDetectingFromImage */ = {
			isa = PBXGroup;
			children = (
				DE4BE7B71F7548F0008F691A /* AppDelegate.swift */,
				DE4BE7B91F7548F0008F691A /* ViewController.swift */,
				DE4BE7BB1F7548F0008F691A /* Main.storyboard */,
				DE4BE7BE1F7548F0008F691A /* Assets.xcassets */,
				DE4BE7C01F7548F0008F691A /* LaunchScreen.storyboard */,
				DE4BE7C31F7548F0008F691A /* Info.plist */,
			);
			path = FaceDetectingFromImage;
			sourceTree = "<group>";
		};
/* End PBXGroup section */

/* Begin PBXNativeTarget section */
		DE4BE7B31F7548F0008F691A /* FaceDetectingFromImage */ = {
			isa = PBXNativeTarget;
			buildConfigurationList = DE4BE7C61F7548F0008F691A /* Build configuration list for PBXNativeTarget "FaceDetectingFromImage" */;
			buildPhases = (
				DE4BE7B01F7548F0008F691A /* Sources */,
				DE4BE7B11F7548F0008F691A /* Frameworks */,
				DE4BE7B21F7548F0008F691A /* Resources */,
			);
			buildRules = (
			);
			dependencies = (
			);
			name = FaceDetectingFromImage;
			productName = FaceDetectingFromImage;
			productReference = DE4BE7B41F7548F0008F691A /* FaceDetectingFromImage.app */;
			productType = "com.apple.product-type.application";
		};
/* End PBXNativeTarget section */

/* Begin PBXProject section */
		DE4BE7AC1F7548F0008F691A /* Project object */ = {
			isa = PBXProject;
			attributes = {
				LastSwiftUpdateCheck = 0900;
				LastUpgradeCheck = 0900;
				ORGANIZATIONNAME = kev;
				TargetAttributes = {
					DE4BE7B31F7548F0008F691A = {
						CreatedOnToolsVersion = 9.0;
						ProvisioningStyle = Automatic;
					};
				};
			};
			buildConfigurationList = DE4BE7AF1F7548F0008F691A /* Build configuration list for PBXProject "FaceDetectingFromImage" */;
			compatibilityVersion = "Xcode 8.0";
			developmentRegion = en;
			hasScannedForEncodings = 0;
			knownRegions = (
				en,
				Base,
			);
			mainGroup = DE4BE7AB1F7548F0008F691A;
			productRefGroup = DE4BE7B51F7548F0008F691A /* Products */;
			projectDirPath = "";
			projectRoot = "";
			targets = (
				DE4BE7B31F7548F0008F691A /* FaceDetectingFromImage */,
			);
		};
/* End PBXProject section */

/* Begin PBXResourcesBuildPhase section */
		DE4BE7B21F7548F0008F691A /* Resources */ = {
			isa = PBXResourcesBuildPhase;
			buildActionMask = 2147483647;
			files = (
				DE4BE7C21F7548F0008F691A /* LaunchScreen.storyboard in Resources */,
				DE4BE7BF1F7548F0008F691A /* Assets.xcassets in Resources */,
				DE4BE7BD1F7548F0008F691A /* Main.storyboard in Resources */,
			);
			runOnlyForDeploymentPostprocessing = 0;
		};
/* End PBXResourcesBuildPhase section */

/* Begin PBXSourcesBuildPhase section */
		DE4BE7B01F7548F0008F691A /* Sources */ = {
			isa = PBXSourcesBuildPhase;
			buildActionMask = 2147483647;
			files = (
				DE4BE7BA1F7548F0008F691A /* ViewController.swift in Sources */,
				DE4BE7B81F7548F0008F691A /* AppDelegate.swift in Sources */,
			);
			runOnlyForDeploymentPostprocessing = 0;
		};
/* End PBXSourcesBuildPhase section */

/* Begin PBXVariantGroup section */
		DE4BE7BB1F7548F0008F691A /* Main.storyboard */ = {
			isa = PBXVariantGroup;
			children = (
				DE4BE7BC1F7548F0008F691A /* Base */,
			);
			name = Main.storyboard;
			sourceTree = "<group>";
		};
		DE4BE7C01F7548F0008F691A /* LaunchScreen.storyboard */ = {
			isa = PBXVariantGroup;
			children = (
				DE4BE7C11F7548F0008F691A /* Base */,
			);
			name = LaunchScreen.storyboard;
			sourceTree = "<group>";
		};
/* End PBXVariantGroup section */

/* Begin XCBuildConfiguration section */
		DE4BE7C41F7548F0008F691A /* Debug */ = {
			isa = XCBuildConfiguration;
			buildSettings = {
				ALWAYS_SEARCH_USER_PATHS = NO;
				CLANG_ANALYZER_NONNULL = YES;
				CLANG_ANALYZER_NUMBER_OBJECT_CONVERSION = YES_AGGRESSIVE;
				CLANG_CXX_LANGUAGE_STANDARD = "gnu++14";
				CLANG_CXX_LIBRARY = "libc++";
				CLANG_ENABLE_MODULES = YES;
				CLANG_ENABLE_OBJC_ARC = YES;
				CLANG_WARN_BLOCK_CAPTURE_AUTORELEASING = YES;
				CLANG_WARN_BOOL_CONVERSION = YES;
				CLANG_WARN_COMMA = YES;
				CLANG_WARN_CONSTANT_CONVERSION = YES;
				CLANG_WARN_DIRECT_OBJC_ISA_USAGE = YES_ERROR;
				CLANG_WARN_DOCUMENTATION_COMMENTS = YES;
				CLANG_WARN_EMPTY_BODY = YES;
				CLANG_WARN_ENUM_CONVERSION = YES;
				CLANG_WARN_INFINITE_RECURSION = YES;
				CLANG_WARN_INT_CONVERSION = YES;
				CLANG_WARN_NON_LITERAL_NULL_CONVERSION = YES;
				CLANG_WARN_OBJC_LITERAL_CONVERSION = YES;
				CLANG_WARN_OBJC_ROOT_CLASS = YES_ERROR;
				CLANG_WARN_RANGE_LOOP_ANALYSIS = YES;
				CLANG_WARN_STRICT_PROTOTYPES = YES;
				CLANG_WARN_SUSPICIOUS_MOVE = YES;
				CLANG_WARN_UNGUARDED_AVAILABILITY = YES_AGGRESSIVE;
				CLANG_WARN_UNREACHABLE_CODE = YES;
				CLANG_WARN__DUPLICATE_METHOD_MATCH = YES;
				CODE_SIGN_IDENTITY = "iPhone Developer";
				COPY_PHASE_STRIP = NO;
				DEBUG_INFORMATION_FORMAT = dwarf;
				ENABLE_STRICT_OBJC_MSGSEND = YES;
				ENABLE_TESTABILITY = YES;
				GCC_C_LANGUAGE_STANDARD = gnu11;
				GCC_DYNAMIC_NO_PIC = NO;
				GCC_NO_COMMON_BLOCKS = YES;
				GCC_OPTIMIZATION_LEVEL = 0;
				GCC_PREPROCESSOR_DEFINITIONS = (
					"DEBUG=1",
					"$(inherited)",
				);
				GCC_WARN_64_TO_32_BIT_CONVERSION = YES;
				GCC_WARN_ABOUT_RETURN_TYPE = YES_ERROR;
				GCC_WARN_UNDECLARED_SELECTOR = YES;
				GCC_WARN_UNINITIALIZED_AUTOS = YES_AGGRESSIVE;
				GCC_WARN_UNUSED_FUNCTION = YES;
				GCC_WARN_UNUSED_VARIABLE = YES;
				IPHONEOS_DEPLOYMENT_TARGET = 11.0;
				MTL_ENABLE_DEBUG_INFO = YES;
				ONLY_ACTIVE_ARCH = YES;
				SDKROOT = iphoneos;
				SWIFT_ACTIVE_COMPILATION_CONDITIONS = DEBUG;
				SWIFT_OPTIMIZATION_LEVEL = "-Onone";
			};
			name = Debug;
		};
		DE4BE7C51F7548F0008F691A /* Release */ = {
			isa = XCBuildConfiguration;
			buildSettings = {
				ALWAYS_SEARCH_USER_PATHS = NO;
				CLANG_ANALYZER_NONNULL = YES;
				CLANG_ANALYZER_NUMBER_OBJECT_CONVERSION = YES_AGGRESSIVE;
				CLANG_CXX_LANGUAGE_STANDARD = "gnu++14";
				CLANG_CXX_LIBRARY = "libc++";
				CLANG_ENABLE_MODULES = YES;
				CLANG_ENABLE_OBJC_ARC = YES;
				CLANG_WARN_BLOCK_CAPTURE_AUTORELEASING = YES;
				CLANG_WARN_BOOL_CONVERSION = YES;
				CLANG_WARN_COMMA = YES;
				CLANG_WARN_CONSTANT_CONVERSION = YES;
				CLANG_WARN_DIRECT_OBJC_ISA_USAGE = YES_ERROR;
				CLANG_WARN_DOCUMENTATION_COMMENTS = YES;
				CLANG_WARN_EMPTY_BODY = YES;
				CLANG_WARN_ENUM_CONVERSION = YES;
				CLANG_WARN_INFINITE_RECURSION = YES;
				CLANG_WARN_INT_CONVERSION = YES;
				CLANG_WARN_NON_LITERAL_NULL_CONVERSION = YES;
				CLANG_WARN_OBJC_LITERAL_CONVERSION = YES;
				CLANG_WARN_OBJC_ROOT_CLASS = YES_ERROR;
				CLANG_WARN_RANGE_LOOP_ANALYSIS = YES;
				CLANG_WARN_STRICT_PROTOTYPES = YES;
				CLANG_WARN_SUSPICIOUS_MOVE = YES;
				CLANG_WARN_UNGUARDED_AVAILABILITY = YES_AGGRESSIVE;
				CLANG_WARN_UNREACHABLE_CODE = YES;
				CLANG_WARN__DUPLICATE_METHOD_MATCH = YES;
				CODE_SIGN_IDENTITY = "iPhone Developer";
				COPY_PHASE_STRIP = NO;
				DEBUG_INFORMATION_FORMAT = "dwarf-with-dsym";
				ENABLE_NS_ASSERTIONS = NO;
				ENABLE_STRICT_OBJC_MSGSEND = YES;
				GCC_C_LANGUAGE_STANDARD = gnu11;
				GCC_NO_COMMON_BLOCKS = YES;
				GCC_WARN_64_TO_32_BIT_CONVERSION = YES;
				GCC_WARN_ABOUT_RETURN_TYPE = YES_ERROR;
				GCC_WARN_UNDECLARED_SELECTOR = YES;
				GCC_WARN_UNINITIALIZED_AUTOS = YES_AGGRESSIVE;
				GCC_WARN_UNUSED_FUNCTION = YES;
				GCC_WARN_UNUSED_VARIABLE = YES;
				IPHONEOS_DEPLOYMENT_TARGET = 11.0;
				MTL_ENABLE_DEBUG_INFO = NO;
				SDKROOT = iphoneos;
				SWIFT_OPTIMIZATION_LEVEL = "-Owholemodule";
				VALIDATE_PRODUCT = YES;
			};
			name = Release;
		};
		DE4BE7C71F7548F0008F691A /* Debug */ = {
			isa = XCBuildConfiguration;
			buildSettings = {
				ASSETCATALOG_COMPILER_APPICON_NAME = AppIcon;
				CODE_SIGN_STYLE = Automatic;
				DEVELOPMENT_TEAM = 25979QE2W6;
				INFOPLIST_FILE = FaceDetectingFromImage/Info.plist;
				LD_RUNPATH_SEARCH_PATHS = "$(inherited) @executable_path/Frameworks";
				PRODUCT_BUNDLE_IDENTIFIER = com.anil.detectObjects;
				PRODUCT_NAME = "$(TARGET_NAME)";
				SWIFT_VERSION = 4.0;
				TARGETED_DEVICE_FAMILY = "1,2";
			};
			name = Debug;
		};
		DE4BE7C81F7548F0008F691A /* Release */ = {
			isa = XCBuildConfiguration;
			buildSettings = {
				ASSETCATALOG_COMPILER_APPICON_NAME = AppIcon;
				CODE_SIGN_STYLE = Automatic;
				DEVELOPMENT_TEAM = 25979QE2W6;
				INFOPLIST_FILE = FaceDetectingFromImage/Info.plist;
				LD_RUNPATH_SEARCH_PATHS = "$(inherited) @executable_path/Frameworks";
				PRODUCT_BUNDLE_IDENTIFIER = com.anil.detectObjects;
				PRODUCT_NAME = "$(TARGET_NAME)";
				SWIFT_VERSION = 4.0;
				TARGETED_DEVICE_FAMILY = "1,2";
			};
			name = Release;
		};
/* End XCBuildConfiguration section */

/* Begin XCConfigurationList section */
		DE4BE7AF1F7548F0008F691A /* Build configuration list for PBXProject "FaceDetectingFromImage" */ = {
			isa = XCConfigurationList;
			buildConfigurations = (
				DE4BE7C41F7548F0008F691A /* Debug */,
				DE4BE7C51F7548F0008F691A /* Release */,
			);
			defaultConfigurationIsVisible = 0;
			defaultConfigurationName = Release;
		};
		DE4BE7C61F7548F0008F691A /* Build configuration list for PBXNativeTarget "FaceDetectingFromImage" */ = {
			isa = XCConfigurationList;
			buildConfigurations = (
				DE4BE7C71F7548F0008F691A /* Debug */,
				DE4BE7C81F7548F0008F691A /* Release */,
			);
			defaultConfigurationIsVisible = 0;
			defaultConfigurationName = Release;
		};
/* End XCConfigurationList section */
	};
	rootObject = DE4BE7AC1F7548F0008F691A /* Project object */;
}
